
Microsoft Visual Studio Solution File, Format Version 12.00
# Visual Studio Version 17
VisualStudioVersion = 17.8.34601.278
MinimumVisualStudioVersion = 10.0.40219.1
Project("{FAE04EC0-301F-11D3-BF4B-00C04F79EFBC}") = "Training", "Training\Training.csproj", "{6788F8F7-399B-4911-A07B-65F6C833C4FB}"
EndProject
Project("{FAE04EC0-301F-11D3-BF4B-00C04F79EFBC}") = "EmployeePortal", "EmployeePortal\EmployeePortal.csproj", "{A1A7DE47-F9EC-4C16-8111-A2A470D8D885}"
EndProject
Global
	GlobalSection(SolutionConfigurationPlatforms) = preSolution
		Debug|Any CPU = Debug|Any CPU
		Release|Any CPU = Release|Any CPU
	EndGlobalSection
	GlobalSection(ProjectConfigurationPlatforms) = postSolution
		{6788F8F7-399B-4911-A07B-65F6C833C4FB}.Debug|Any CPU.ActiveCfg = Debug|Any CPU
		{6788F8F7-399B-4911-A07B-65F6C833C4FB}.Debug|Any CPU.Build.0 = Debug|Any CPU
		{6788F8F7-399B-4911-A07B-65F6C833C4FB}.Release|Any CPU.ActiveCfg = Release|Any CPU
		{6788F8F7-399B-4911-A07B-65F6C833C4FB}.Release|Any CPU.Build.0 = Release|Any CPU
		{A1A7DE47-F9EC-4C16-8111-A2A470D8D885}.Debug|Any CPU.ActiveCfg = Debug|Any CPU
		{A1A7DE47-F9EC-4C16-8111-A2A470D8D885}.Debug|Any CPU.Build.0 = Debug|Any CPU
		{A1A7DE47-F9EC-4C16-8111-A2A470D8D885}.Release|Any CPU.ActiveCfg = Release|Any CPU
		{A1A7DE47-F9EC-4C16-8111-A2A470D8D885}.Release|Any CPU.Build.0 = Release|Any CPU
	EndGlobalSection
	GlobalSection(SolutionProperties) = preSolution
		HideSolutionNode = FALSE
	EndGlobalSection
	GlobalSection(ExtensibilityGlobals) = postSolution
		SolutionGuid = {6731B94B-E3E0-4DD7-A837-D16B45B41105}
	EndGlobalSection
EndGlobal
